
Microsoft Visual Studio Solution File, Format Version 12.00
# Visual Studio 15
VisualStudioVersion = 15.0.27428.2037
MinimumVisualStudioVersion = 10.0.40219.1
Project("{FAE04EC0-301F-11D3-BF4B-00C04F79EFBC}") = "HeadFirstDesignPatterns", "HeadFirstDesignPatterns\HeadFirstDesignPatterns.csproj", "{AFDDAA31-0AAA-4473-9DEB-DE18EE9A403D}"
EndProject
Global
	GlobalSection(SolutionConfigurationPlatforms) = preSolution
		Debug|Any CPU = Debug|Any CPU
		Release|Any CPU = Release|Any CPU
	EndGlobalSection
	GlobalSection(ProjectConfigurationPlatforms) = postSolution
		{AFDDAA31-0AAA-4473-9DEB-DE18EE9A403D}.Debug|Any CPU.ActiveCfg = Debug|Any CPU
		{AFDDAA31-0AAA-4473-9DEB-DE18EE9A403D}.Debug|Any CPU.Build.0 = Debug|Any CPU
		{AFDDAA31-0AAA-4473-9DEB-DE18EE9A403D}.Release|Any CPU.ActiveCfg = Release|Any CPU
		{AFDDAA31-0AAA-4473-9DEB-DE18EE9A403D}.Release|Any CPU.Build.0 = Release|Any CPU
	EndGlobalSection
	GlobalSection(SolutionProperties) = preSolution
		HideSolutionNode = FALSE
	EndGlobalSection
	GlobalSection(ExtensibilityGlobals) = postSolution
		SolutionGuid = {41F9922B-B0B6-4849-9519-7F4D617D3EF5}
	EndGlobalSection
EndGlobal
